
Microsoft Visual Studio Solution File, Format Version 12.00
# Visual Studio Version 16
VisualStudioVersion = 16.0.32002.261
MinimumVisualStudioVersion = 10.0.40219.1
Project("{FAE04EC0-301F-11D3-BF4B-00C04F79EFBC}") = "NowWatching", "NowWatching\NowWatching.csproj", "{2794444E-0949-4529-9338-1EB18DFFEB27}"
EndProject
Project("{FAE04EC0-301F-11D3-BF4B-00C04F79EFBC}") = "OpenBrowser", "OpenBrowser\OpenBrowser.csproj", "{8DAB964D-6855-4821-8091-0C683A31635B}"
EndProject
Global
	GlobalSection(SolutionConfigurationPlatforms) = preSolution
		Debug|Any CPU = Debug|Any CPU
		Release|Any CPU = Release|Any CPU
	EndGlobalSection
	GlobalSection(ProjectConfigurationPlatforms) = postSolution
		{2794444E-0949-4529-9338-1EB18DFFEB27}.Debug|Any CPU.ActiveCfg = Debug|Any CPU
		{2794444E-0949-4529-9338-1EB18DFFEB27}.Debug|Any CPU.Build.0 = Debug|Any CPU
		{2794444E-0949-4529-9338-1EB18DFFEB27}.Release|Any CPU.ActiveCfg = Release|Any CPU
		{2794444E-0949-4529-9338-1EB18DFFEB27}.Release|Any CPU.Build.0 = Release|Any CPU
		{8DAB964D-6855-4821-8091-0C683A31635B}.Debug|Any CPU.ActiveCfg = Debug|Any CPU
		{8DAB964D-6855-4821-8091-0C683A31635B}.Debug|Any CPU.Build.0 = Debug|Any CPU
		{8DAB964D-6855-4821-8091-0C683A31635B}.Release|Any CPU.ActiveCfg = Release|Any CPU
		{8DAB964D-6855-4821-8091-0C683A31635B}.Release|Any CPU.Build.0 = Release|Any CPU
	EndGlobalSection
	GlobalSection(SolutionProperties) = preSolution
		HideSolutionNode = FALSE
	EndGlobalSection
	GlobalSection(ExtensibilityGlobals) = postSolution
		SolutionGuid = {C32A2340-F5E3-47D9-9312-17049BD700FA}
	EndGlobalSection
EndGlobal
